
Microsoft Visual Studio Solution File, Format Version 12.00
# Visual Studio 14
VisualStudioVersion = 14.0.25123.0
MinimumVisualStudioVersion = 10.0.40219.1
Project("{FAE04EC0-301F-11D3-BF4B-00C04F79EFBC}") = "ProgramWars.Server", "ProgramWars.Server\ProgramWars.Server.csproj", "{3BBCBBE0-3A48-4A94-945E-1FB0BE14B086}"
EndProject
Project("{FAE04EC0-301F-11D3-BF4B-00C04F79EFBC}") = "ProgramWars.Server.Tests", "ProgramWars.Server.Tests\ProgramWars.Server.Tests.csproj", "{310C815F-1FA9-4C27-83B0-9E12192055B4}"
EndProject
Project("{FAE04EC0-301F-11D3-BF4B-00C04F79EFBC}") = "ProgramWars.Server.TestRunner", "ProgramWars.Server.TestRunner\ProgramWars.Server.TestRunner.csproj", "{A0D55ED5-51DB-4278-87E9-69BAF50EBAA3}"
EndProject
Project("{FAE04EC0-301F-11D3-BF4B-00C04F79EFBC}") = "ProgramWars.Server.SignalR", "ProgramWars.Server.SignalR\ProgramWars.Server.SignalR.csproj", "{8C8D4B9F-D282-4047-B9F9-BE5A0D92CDCF}"
EndProject
Global
	GlobalSection(SolutionConfigurationPlatforms) = preSolution
		Debug|Any CPU = Debug|Any CPU
		Release|Any CPU = Release|Any CPU
	EndGlobalSection
	GlobalSection(ProjectConfigurationPlatforms) = postSolution
		{3BBCBBE0-3A48-4A94-945E-1FB0BE14B086}.Debug|Any CPU.ActiveCfg = Debug|Any CPU
		{3BBCBBE0-3A48-4A94-945E-1FB0BE14B086}.Debug|Any CPU.Build.0 = Debug|Any CPU
		{3BBCBBE0-3A48-4A94-945E-1FB0BE14B086}.Release|Any CPU.ActiveCfg = Release|Any CPU
		{3BBCBBE0-3A48-4A94-945E-1FB0BE14B086}.Release|Any CPU.Build.0 = Release|Any CPU
		{310C815F-1FA9-4C27-83B0-9E12192055B4}.Debug|Any CPU.ActiveCfg = Debug|Any CPU
		{310C815F-1FA9-4C27-83B0-9E12192055B4}.Debug|Any CPU.Build.0 = Debug|Any CPU
		{310C815F-1FA9-4C27-83B0-9E12192055B4}.Release|Any CPU.ActiveCfg = Release|Any CPU
		{310C815F-1FA9-4C27-83B0-9E12192055B4}.Release|Any CPU.Build.0 = Release|Any CPU
		{A0D55ED5-51DB-4278-87E9-69BAF50EBAA3}.Debug|Any CPU.ActiveCfg = Debug|Any CPU
		{A0D55ED5-51DB-4278-87E9-69BAF50EBAA3}.Debug|Any CPU.Build.0 = Debug|Any CPU
		{A0D55ED5-51DB-4278-87E9-69BAF50EBAA3}.Release|Any CPU.ActiveCfg = Release|Any CPU
		{A0D55ED5-51DB-4278-87E9-69BAF50EBAA3}.Release|Any CPU.Build.0 = Release|Any CPU
		{8C8D4B9F-D282-4047-B9F9-BE5A0D92CDCF}.Debug|Any CPU.ActiveCfg = Debug|Any CPU
		{8C8D4B9F-D282-4047-B9F9-BE5A0D92CDCF}.Debug|Any CPU.Build.0 = Debug|Any CPU
		{8C8D4B9F-D282-4047-B9F9-BE5A0D92CDCF}.Release|Any CPU.ActiveCfg = Release|Any CPU
		{8C8D4B9F-D282-4047-B9F9-BE5A0D92CDCF}.Release|Any CPU.Build.0 = Release|Any CPU
	EndGlobalSection
	GlobalSection(SolutionProperties) = preSolution
		HideSolutionNode = FALSE
	EndGlobalSection
EndGlobal
